
Microsoft Visual Studio Solution File, Format Version 12.00
Project("{FAE04EC0-301F-11D3-BF4B-00C04F79EFBC}") = "ConsoleApp1", "ConsoleApp1\ConsoleApp1.csproj", "{ADBC42E9-16D6-480C-BA6F-1F796196AB0E}"
EndProject
Global
	GlobalSection(SolutionConfigurationPlatforms) = preSolution
		Debug|Any CPU = Debug|Any CPU
		Release|Any CPU = Release|Any CPU
	EndGlobalSection
	GlobalSection(ProjectConfigurationPlatforms) = postSolution
		{ADBC42E9-16D6-480C-BA6F-1F796196AB0E}.Debug|Any CPU.ActiveCfg = Debug|Any CPU
		{ADBC42E9-16D6-480C-BA6F-1F796196AB0E}.Debug|Any CPU.Build.0 = Debug|Any CPU
		{ADBC42E9-16D6-480C-BA6F-1F796196AB0E}.Release|Any CPU.ActiveCfg = Release|Any CPU
		{ADBC42E9-16D6-480C-BA6F-1F796196AB0E}.Release|Any CPU.Build.0 = Release|Any CPU
	EndGlobalSection
EndGlobal
